// !$*UTF8*$!
{
	archiveVersion = 1;
	classes = {
	};
	objectVersion = 56;
	objects = {

/* Begin PBXBuildFile section */
		19099D362BECA95B00CE67B9 /* ios16_BasicApp.swift in Sources */ = {isa = PBXBuildFile; fileRef = 19099D352BECA95B00CE67B9 /* ios16_BasicApp.swift */; };
		19099D382BECA95B00CE67B9 /* ContentView.swift in Sources */ = {isa = PBXBuildFile; fileRef = 19099D372BECA95B00CE67B9 /* ContentView.swift */; };
		19099D3A2BECA95C00CE67B9 /* Assets.xcassets in Resources */ = {isa = PBXBuildFile; fileRef = 19099D392BECA95C00CE67B9 /* Assets.xcassets */; };
		19099D3D2BECA95C00CE67B9 /* Preview Assets.xcassets in Resources */ = {isa = PBXBuildFile; fileRef = 19099D3C2BECA95C00CE67B9 /* Preview Assets.xcassets */; };
		19099D442BECA96A00CE67B9 /* Chart_Basic.swift in Sources */ = {isa = PBXBuildFile; fileRef = 19099D432BECA96A00CE67B9 /* Chart_Basic.swift */; };
		19099D462BECAEA100CE67B9 /* Sheet_Basic.swift in Sources */ = {isa = PBXBuildFile; fileRef = 19099D452BECAEA100CE67B9 /* Sheet_Basic.swift */; };
		19099D482BECB15600CE67B9 /* ShareLink_Basic.swift in Sources */ = {isa = PBXBuildFile; fileRef = 19099D472BECB15600CE67B9 /* ShareLink_Basic.swift */; };
		19099D4A2BECB3E200CE67B9 /* GridRow_Basic.swift in Sources */ = {isa = PBXBuildFile; fileRef = 19099D492BECB3E200CE67B9 /* GridRow_Basic.swift */; };
		19099D4C2BECB52E00CE67B9 /* NavigationStack_Basic.swift in Sources */ = {isa = PBXBuildFile; fileRef = 19099D4B2BECB52E00CE67B9 /* NavigationStack_Basic.swift */; };
		1923DE302BEF137D00BBC5D7 /* GaugeView_Basic.swift in Sources */ = {isa = PBXBuildFile; fileRef = 1923DE2F2BEF137D00BBC5D7 /* GaugeView_Basic.swift */; };
		1923DE322BEF23BF00BBC5D7 /* TabGestureWithLocation.swift in Sources */ = {isa = PBXBuildFile; fileRef = 1923DE312BEF23BF00BBC5D7 /* TabGestureWithLocation.swift */; };
		1923DE342BEF25A200BBC5D7 /* ViewThatFits_Basic.swift in Sources */ = {isa = PBXBuildFile; fileRef = 1923DE332BEF25A200BBC5D7 /* ViewThatFits_Basic.swift */; };
		1923DE362BEF28BE00BBC5D7 /* LabeledContent_Basic.swift in Sources */ = {isa = PBXBuildFile; fileRef = 1923DE352BEF28BE00BBC5D7 /* LabeledContent_Basic.swift */; };
		1923DE382BEF2B4900BBC5D7 /* MultiDatePicker_Basic.swift in Sources */ = {isa = PBXBuildFile; fileRef = 1923DE372BEF2B4900BBC5D7 /* MultiDatePicker_Basic.swift */; };
		192E8F972BEF2F7C00EB6C32 /* NavigationDestination,Path_Basic.swift in Sources */ = {isa = PBXBuildFile; fileRef = 192E8F962BEF2F7C00EB6C32 /* NavigationDestination,Path_Basic.swift */; };
		194C36982BEF38A400680064 /* NavigationSplitView_Basic.swift in Sources */ = {isa = PBXBuildFile; fileRef = 194C36972BEF38A400680064 /* NavigationSplitView_Basic.swift */; };
/* End PBXBuildFile section */

/* Begin PBXFileReference section */
		19099D322BECA95B00CE67B9 /* ios16_Basic.app */ = {isa = PBXFileReference; explicitFileType = wrapper.application; includeInIndex = 0; path = ios16_Basic.app; sourceTree = BUILT_PRODUCTS_DIR; };
		19099D352BECA95B00CE67B9 /* ios16_BasicApp.swift */ = {isa = PBXFileReference; lastKnownFileType = sourcecode.swift; path = ios16_BasicApp.swift; sourceTree = "<group>"; };
		19099D372BECA95B00CE67B9 /* ContentView.swift */ = {isa = PBXFileReference; lastKnownFileType = sourcecode.swift; path = ContentView.swift; sourceTree = "<group>"; };
		19099D392BECA95C00CE67B9 /* Assets.xcassets */ = {isa = PBXFileReference; lastKnownFileType = folder.assetcatalog; path = Assets.xcassets; sourceTree = "<group>"; };
		19099D3C2BECA95C00CE67B9 /* Preview Assets.xcassets */ = {isa = PBXFileReference; lastKnownFileType = folder.assetcatalog; path = "Preview Assets.xcassets"; sourceTree = "<group>"; };
		19099D432BECA96A00CE67B9 /* Chart_Basic.swift */ = {isa = PBXFileReference; lastKnownFileType = sourcecode.swift; path = Chart_Basic.swift; sourceTree = "<group>"; };
		19099D452BECAEA100CE67B9 /* Sheet_Basic.swift */ = {isa = PBXFileReference; lastKnownFileType = sourcecode.swift; path = Sheet_Basic.swift; sourceTree = "<group>"; };
		19099D472BECB15600CE67B9 /* ShareLink_Basic.swift */ = {isa = PBXFileReference; lastKnownFileType = sourcecode.swift; path = ShareLink_Basic.swift; sourceTree = "<group>"; };
		19099D492BECB3E200CE67B9 /* GridRow_Basic.swift */ = {isa = PBXFileReference; lastKnownFileType = sourcecode.swift; path = GridRow_Basic.swift; sourceTree = "<group>"; };
		19099D4B2BECB52E00CE67B9 /* NavigationStack_Basic.swift */ = {isa = PBXFileReference; lastKnownFileType = sourcecode.swift; path = NavigationStack_Basic.swift; sourceTree = "<group>"; };
		1923DE2F2BEF137D00BBC5D7 /* GaugeView_Basic.swift */ = {isa = PBXFileReference; lastKnownFileType = sourcecode.swift; path = GaugeView_Basic.swift; sourceTree = "<group>"; };
		1923DE312BEF23BF00BBC5D7 /* TabGestureWithLocation.swift */ = {isa = PBXFileReference; lastKnownFileType = sourcecode.swift; path = TabGestureWithLocation.swift; sourceTree = "<group>"; };
		1923DE332BEF25A200BBC5D7 /* ViewThatFits_Basic.swift */ = {isa = PBXFileReference; lastKnownFileType = sourcecode.swift; path = ViewThatFits_Basic.swift; sourceTree = "<group>"; };
		1923DE352BEF28BE00BBC5D7 /* LabeledContent_Basic.swift */ = {isa = PBXFileReference; lastKnownFileType = sourcecode.swift; path = LabeledContent_Basic.swift; sourceTree = "<group>"; };
		1923DE372BEF2B4900BBC5D7 /* MultiDatePicker_Basic.swift */ = {isa = PBXFileReference; lastKnownFileType = sourcecode.swift; path = MultiDatePicker_Basic.swift; sourceTree = "<group>"; };
		192E8F962BEF2F7C00EB6C32 /* NavigationDestination,Path_Basic.swift */ = {isa = PBXFileReference; lastKnownFileType = sourcecode.swift; path = "NavigationDestination,Path_Basic.swift"; sourceTree = "<group>"; };
		194C36972BEF38A400680064 /* NavigationSplitView_Basic.swift */ = {isa = PBXFileReference; lastKnownFileType = sourcecode.swift; path = NavigationSplitView_Basic.swift; sourceTree = "<group>"; };
/* End PBXFileReference section */

/* Begin PBXFrameworksBuildPhase section */
		19099D2F2BECA95B00CE67B9 /* Frameworks */ = {
			isa = PBXFrameworksBuildPhase;
			buildActionMask = 2147483647;
			files = (
			);
			runOnlyForDeploymentPostprocessing = 0;
		};
/* End PBXFrameworksBuildPhase section */

/* Begin PBXGroup section */
		19099D292BECA95B00CE67B9 = {
			isa = PBXGroup;
			children = (
				19099D342BECA95B00CE67B9 /* ios16_Basic */,
				19099D332BECA95B00CE67B9 /* Products */,
			);
			sourceTree = "<group>";
		};
		19099D332BECA95B00CE67B9 /* Products */ = {
			isa = PBXGroup;
			children = (
				19099D322BECA95B00CE67B9 /* ios16_Basic.app */,
			);
			name = Products;
			sourceTree = "<group>";
		};
		19099D342BECA95B00CE67B9 /* ios16_Basic */ = {
			isa = PBXGroup;
			children = (
				19099D352BECA95B00CE67B9 /* ios16_BasicApp.swift */,
				19099D372BECA95B00CE67B9 /* ContentView.swift */,
				19099D432BECA96A00CE67B9 /* Chart_Basic.swift */,
				19099D452BECAEA100CE67B9 /* Sheet_Basic.swift */,
				19099D472BECB15600CE67B9 /* ShareLink_Basic.swift */,
				19099D492BECB3E200CE67B9 /* GridRow_Basic.swift */,
				19099D4B2BECB52E00CE67B9 /* NavigationStack_Basic.swift */,
				1923DE2F2BEF137D00BBC5D7 /* GaugeView_Basic.swift */,
				1923DE312BEF23BF00BBC5D7 /* TabGestureWithLocation.swift */,
				1923DE332BEF25A200BBC5D7 /* ViewThatFits_Basic.swift */,
				1923DE352BEF28BE00BBC5D7 /* LabeledContent_Basic.swift */,
				1923DE372BEF2B4900BBC5D7 /* MultiDatePicker_Basic.swift */,
				192E8F962BEF2F7C00EB6C32 /* NavigationDestination,Path_Basic.swift */,
				194C36972BEF38A400680064 /* NavigationSplitView_Basic.swift */,
				19099D392BECA95C00CE67B9 /* Assets.xcassets */,
				19099D3B2BECA95C00CE67B9 /* Preview Content */,
			);
			path = ios16_Basic;
			sourceTree = "<group>";
		};
		19099D3B2BECA95C00CE67B9 /* Preview Content */ = {
			isa = PBXGroup;
			children = (
				19099D3C2BECA95C00CE67B9 /* Preview Assets.xcassets */,
			);
			path = "Preview Content";
			sourceTree = "<group>";
		};
/* End PBXGroup section */

/* Begin PBXNativeTarget section */
		19099D312BECA95B00CE67B9 /* ios16_Basic */ = {
			isa = PBXNativeTarget;
			buildConfigurationList = 19099D402BECA95C00CE67B9 /* Build configuration list for PBXNativeTarget "ios16_Basic" */;
			buildPhases = (
				19099D2E2BECA95B00CE67B9 /* Sources */,
				19099D2F2BECA95B00CE67B9 /* Frameworks */,
				19099D302BECA95B00CE67B9 /* Resources */,
			);
			buildRules = (
			);
			dependencies = (
			);
			name = ios16_Basic;
			productName = ios16_Basic;
			productReference = 19099D322BECA95B00CE67B9 /* ios16_Basic.app */;
			productType = "com.apple.product-type.application";
		};
/* End PBXNativeTarget section */

/* Begin PBXProject section */
		19099D2A2BECA95B00CE67B9 /* Project object */ = {
			isa = PBXProject;
			attributes = {
				BuildIndependentTargetsInParallel = 1;
				LastSwiftUpdateCheck = 1520;
				LastUpgradeCheck = 1520;
				TargetAttributes = {
					19099D312BECA95B00CE67B9 = {
						CreatedOnToolsVersion = 15.2;
					};
				};
			};
			buildConfigurationList = 19099D2D2BECA95B00CE67B9 /* Build configuration list for PBXProject "ios16_Basic" */;
			compatibilityVersion = "Xcode 14.0";
			developmentRegion = en;
			hasScannedForEncodings = 0;
			knownRegions = (
				en,
				Base,
			);
			mainGroup = 19099D292BECA95B00CE67B9;
			productRefGroup = 19099D332BECA95B00CE67B9 /* Products */;
			projectDirPath = "";
			projectRoot = "";
			targets = (
				19099D312BECA95B00CE67B9 /* ios16_Basic */,
			);
		};
/* End PBXProject section */

/* Begin PBXResourcesBuildPhase section */
		19099D302BECA95B00CE67B9 /* Resources */ = {
			isa = PBXResourcesBuildPhase;
			buildActionMask = 2147483647;
			files = (
				19099D3D2BECA95C00CE67B9 /* Preview Assets.xcassets in Resources */,
				19099D3A2BECA95C00CE67B9 /* Assets.xcassets in Resources */,
			);
			runOnlyForDeploymentPostprocessing = 0;
		};
/* End PBXResourcesBuildPhase section */

/* Begin PBXSourcesBuildPhase section */
		19099D2E2BECA95B00CE67B9 /* Sources */ = {
			isa = PBXSourcesBuildPhase;
			buildActionMask = 2147483647;
			files = (
				194C36982BEF38A400680064 /* NavigationSplitView_Basic.swift in Sources */,
				19099D382BECA95B00CE67B9 /* ContentView.swift in Sources */,
				192E8F972BEF2F7C00EB6C32 /* NavigationDestination,Path_Basic.swift in Sources */,
				19099D362BECA95B00CE67B9 /* ios16_BasicApp.swift in Sources */,
				1923DE382BEF2B4900BBC5D7 /* MultiDatePicker_Basic.swift in Sources */,
				1923DE322BEF23BF00BBC5D7 /* TabGestureWithLocation.swift in Sources */,
				19099D462BECAEA100CE67B9 /* Sheet_Basic.swift in Sources */,
				19099D442BECA96A00CE67B9 /* Chart_Basic.swift in Sources */,
				19099D4C2BECB52E00CE67B9 /* NavigationStack_Basic.swift in Sources */,
				1923DE302BEF137D00BBC5D7 /* GaugeView_Basic.swift in Sources */,
				19099D482BECB15600CE67B9 /* ShareLink_Basic.swift in Sources */,
				1923DE342BEF25A200BBC5D7 /* ViewThatFits_Basic.swift in Sources */,
				1923DE362BEF28BE00BBC5D7 /* LabeledContent_Basic.swift in Sources */,
				19099D4A2BECB3E200CE67B9 /* GridRow_Basic.swift in Sources */,
			);
			runOnlyForDeploymentPostprocessing = 0;
		};
/* End PBXSourcesBuildPhase section */

/* Begin XCBuildConfiguration section */
		19099D3E2BECA95C00CE67B9 /* Debug */ = {
			isa = XCBuildConfiguration;
			buildSettings = {
				ALWAYS_SEARCH_USER_PATHS = NO;
				ASSETCATALOG_COMPILER_GENERATE_SWIFT_ASSET_SYMBOL_EXTENSIONS = YES;
				CLANG_ANALYZER_NONNULL = YES;
				CLANG_ANALYZER_NUMBER_OBJECT_CONVERSION = YES_AGGRESSIVE;
				CLANG_CXX_LANGUAGE_STANDARD = "gnu++20";
				CLANG_ENABLE_MODULES = YES;
				CLANG_ENABLE_OBJC_ARC = YES;
				CLANG_ENABLE_OBJC_WEAK = YES;
				CLANG_WARN_BLOCK_CAPTURE_AUTORELEASING = YES;
				CLANG_WARN_BOOL_CONVERSION = YES;
				CLANG_WARN_COMMA = YES;
				CLANG_WARN_CONSTANT_CONVERSION = YES;
				CLANG_WARN_DEPRECATED_OBJC_IMPLEMENTATIONS = YES;
				CLANG_WARN_DIRECT_OBJC_ISA_USAGE = YES_ERROR;
				CLANG_WARN_DOCUMENTATION_COMMENTS = YES;
				CLANG_WARN_EMPTY_BODY = YES;
				CLANG_WARN_ENUM_CONVERSION = YES;
				CLANG_WARN_INFINITE_RECURSION = YES;
				CLANG_WARN_INT_CONVERSION = YES;
				CLANG_WARN_NON_LITERAL_NULL_CONVERSION = YES;
				CLANG_WARN_OBJC_IMPLICIT_RETAIN_SELF = YES;
				CLANG_WARN_OBJC_LITERAL_CONVERSION = YES;
				CLANG_WARN_OBJC_ROOT_CLASS = YES_ERROR;
				CLANG_WARN_QUOTED_INCLUDE_IN_FRAMEWORK_HEADER = YES;
				CLANG_WARN_RANGE_LOOP_ANALYSIS = YES;
				CLANG_WARN_STRICT_PROTOTYPES = YES;
				CLANG_WARN_SUSPICIOUS_MOVE = YES;
				CLANG_WARN_UNGUARDED_AVAILABILITY = YES_AGGRESSIVE;
				CLANG_WARN_UNREACHABLE_CODE = YES;
				CLANG_WARN__DUPLICATE_METHOD_MATCH = YES;
				COPY_PHASE_STRIP = NO;
				DEBUG_INFORMATION_FORMAT = dwarf;
				ENABLE_STRICT_OBJC_MSGSEND = YES;
				ENABLE_TESTABILITY = YES;
				ENABLE_USER_SCRIPT_SANDBOXING = YES;
				GCC_C_LANGUAGE_STANDARD = gnu17;
				GCC_DYNAMIC_NO_PIC = NO;
				GCC_NO_COMMON_BLOCKS = YES;
				GCC_OPTIMIZATION_LEVEL = 0;
				GCC_PREPROCESSOR_DEFINITIONS = (
					"DEBUG=1",
					"$(inherited)",
				);
				GCC_WARN_64_TO_32_BIT_CONVERSION = YES;
				GCC_WARN_ABOUT_RETURN_TYPE = YES_ERROR;
				GCC_WARN_UNDECLARED_SELECTOR = YES;
				GCC_WARN_UNINITIALIZED_AUTOS = YES_AGGRESSIVE;
				GCC_WARN_UNUSED_FUNCTION = YES;
				GCC_WARN_UNUSED_VARIABLE = YES;
				IPHONEOS_DEPLOYMENT_TARGET = 17.2;
				LOCALIZATION_PREFERS_STRING_CATALOGS = YES;
				MTL_ENABLE_DEBUG_INFO = INCLUDE_SOURCE;
				MTL_FAST_MATH = YES;
				ONLY_ACTIVE_ARCH = YES;
				SDKROOT = iphoneos;
				SWIFT_ACTIVE_COMPILATION_CONDITIONS = "DEBUG $(inherited)";
				SWIFT_OPTIMIZATION_LEVEL = "-Onone";
			};
			name = Debug;
		};
		19099D3F2BECA95C00CE67B9 /* Release */ = {
			isa = XCBuildConfiguration;
			buildSettings = {
				ALWAYS_SEARCH_USER_PATHS = NO;
				ASSETCATALOG_COMPILER_GENERATE_SWIFT_ASSET_SYMBOL_EXTENSIONS = YES;
				CLANG_ANALYZER_NONNULL = YES;
				CLANG_ANALYZER_NUMBER_OBJECT_CONVERSION = YES_AGGRESSIVE;
				CLANG_CXX_LANGUAGE_STANDARD = "gnu++20";
				CLANG_ENABLE_MODULES = YES;
				CLANG_ENABLE_OBJC_ARC = YES;
				CLANG_ENABLE_OBJC_WEAK = YES;
				CLANG_WARN_BLOCK_CAPTURE_AUTORELEASING = YES;
				CLANG_WARN_BOOL_CONVERSION = YES;
				CLANG_WARN_COMMA = YES;
				CLANG_WARN_CONSTANT_CONVERSION = YES;
				CLANG_WARN_DEPRECATED_OBJC_IMPLEMENTATIONS = YES;
				CLANG_WARN_DIRECT_OBJC_ISA_USAGE = YES_ERROR;
				CLANG_WARN_DOCUMENTATION_COMMENTS = YES;
				CLANG_WARN_EMPTY_BODY = YES;
				CLANG_WARN_ENUM_CONVERSION = YES;
				CLANG_WARN_INFINITE_RECURSION = YES;
				CLANG_WARN_INT_CONVERSION = YES;
				CLANG_WARN_NON_LITERAL_NULL_CONVERSION = YES;
				CLANG_WARN_OBJC_IMPLICIT_RETAIN_SELF = YES;
				CLANG_WARN_OBJC_LITERAL_CONVERSION = YES;
				CLANG_WARN_OBJC_ROOT_CLASS = YES_ERROR;
				CLANG_WARN_QUOTED_INCLUDE_IN_FRAMEWORK_HEADER = YES;
				CLANG_WARN_RANGE_LOOP_ANALYSIS = YES;
				CLANG_WARN_STRICT_PROTOTYPES = YES;
				CLANG_WARN_SUSPICIOUS_MOVE = YES;
				CLANG_WARN_UNGUARDED_AVAILABILITY = YES_AGGRESSIVE;
				CLANG_WARN_UNREACHABLE_CODE = YES;
				CLANG_WARN__DUPLICATE_METHOD_MATCH = YES;
				COPY_PHASE_STRIP = NO;
				DEBUG_INFORMATION_FORMAT = "dwarf-with-dsym";
				ENABLE_NS_ASSERTIONS = NO;
				ENABLE_STRICT_OBJC_MSGSEND = YES;
				ENABLE_USER_SCRIPT_SANDBOXING = YES;
				GCC_C_LANGUAGE_STANDARD = gnu17;
				GCC_NO_COMMON_BLOCKS = YES;
				GCC_WARN_64_TO_32_BIT_CONVERSION = YES;
				GCC_WARN_ABOUT_RETURN_TYPE = YES_ERROR;
				GCC_WARN_UNDECLARED_SELECTOR = YES;
				GCC_WARN_UNINITIALIZED_AUTOS = YES_AGGRESSIVE;
				GCC_WARN_UNUSED_FUNCTION = YES;
				GCC_WARN_UNUSED_VARIABLE = YES;
				IPHONEOS_DEPLOYMENT_TARGET = 17.2;
				LOCALIZATION_PREFERS_STRING_CATALOGS = YES;
				MTL_ENABLE_DEBUG_INFO = NO;
				MTL_FAST_MATH = YES;
				SDKROOT = iphoneos;
				SWIFT_COMPILATION_MODE = wholemodule;
				VALIDATE_PRODUCT = YES;
			};
			name = Release;
		};
		19099D412BECA95C00CE67B9 /* Debug */ = {
			isa = XCBuildConfiguration;
			buildSettings = {
				ASSETCATALOG_COMPILER_APPICON_NAME = AppIcon;
				ASSETCATALOG_COMPILER_GLOBAL_ACCENT_COLOR_NAME = AccentColor;
				CODE_SIGN_STYLE = Automatic;
				CURRENT_PROJECT_VERSION = 1;
				DEVELOPMENT_ASSET_PATHS = "\"ios16_Basic/Preview Content\"";
				ENABLE_PREVIEWS = YES;
				GENERATE_INFOPLIST_FILE = YES;
				INFOPLIST_KEY_UIApplicationSceneManifest_Generation = YES;
				INFOPLIST_KEY_UIApplicationSupportsIndirectInputEvents = YES;
				INFOPLIST_KEY_UILaunchScreen_Generation = YES;
				INFOPLIST_KEY_UISupportedInterfaceOrientations_iPad = "UIInterfaceOrientationPortrait UIInterfaceOrientationPortraitUpsideDown UIInterfaceOrientationLandscapeLeft UIInterfaceOrientationLandscapeRight";
				INFOPLIST_KEY_UISupportedInterfaceOrientations_iPhone = "UIInterfaceOrientationPortrait UIInterfaceOrientationLandscapeLeft UIInterfaceOrientationLandscapeRight";
				IPHONEOS_DEPLOYMENT_TARGET = 16.0;
				LD_RUNPATH_SEARCH_PATHS = (
					"$(inherited)",
					"@executable_path/Frameworks",
				);
				MARKETING_VERSION = 1.0;
				PRODUCT_BUNDLE_IDENTIFIER = "iosStudy.ios16-Basic";
				PRODUCT_NAME = "$(TARGET_NAME)";
				SUPPORTED_PLATFORMS = "iphoneos iphonesimulator";
				SUPPORTS_MACCATALYST = NO;
				SUPPORTS_MAC_DESIGNED_FOR_IPHONE_IPAD = NO;
				SUPPORTS_XR_DESIGNED_FOR_IPHONE_IPAD = NO;
				SWIFT_EMIT_LOC_STRINGS = YES;
				SWIFT_VERSION = 5.0;
				TARGETED_DEVICE_FAMILY = 1;
			};
			name = Debug;
		};
		19099D422BECA95C00CE67B9 /* Release */ = {
			isa = XCBuildConfiguration;
			buildSettings = {
				ASSETCATALOG_COMPILER_APPICON_NAME = AppIcon;
				ASSETCATALOG_COMPILER_GLOBAL_ACCENT_COLOR_NAME = AccentColor;
				CODE_SIGN_STYLE = Automatic;
				CURRENT_PROJECT_VERSION = 1;
				DEVELOPMENT_ASSET_PATHS = "\"ios16_Basic/Preview Content\"";
				ENABLE_PREVIEWS = YES;
				GENERATE_INFOPLIST_FILE = YES;
				INFOPLIST_KEY_UIApplicationSceneManifest_Generation = YES;
				INFOPLIST_KEY_UIApplicationSupportsIndirectInputEvents = YES;
				INFOPLIST_KEY_UILaunchScreen_Generation = YES;
				INFOPLIST_KEY_UISupportedInterfaceOrientations_iPad = "UIInterfaceOrientationPortrait UIInterfaceOrientationPortraitUpsideDown UIInterfaceOrientationLandscapeLeft UIInterfaceOrientationLandscapeRight";
				INFOPLIST_KEY_UISupportedInterfaceOrientations_iPhone = "UIInterfaceOrientationPortrait UIInterfaceOrientationLandscapeLeft UIInterfaceOrientationLandscapeRight";
				IPHONEOS_DEPLOYMENT_TARGET = 16.0;
				LD_RUNPATH_SEARCH_PATHS = (
					"$(inherited)",
					"@executable_path/Frameworks",
				);
				MARKETING_VERSION = 1.0;
				PRODUCT_BUNDLE_IDENTIFIER = "iosStudy.ios16-Basic";
				PRODUCT_NAME = "$(TARGET_NAME)";
				SUPPORTED_PLATFORMS = "iphoneos iphonesimulator";
				SUPPORTS_MACCATALYST = NO;
				SUPPORTS_MAC_DESIGNED_FOR_IPHONE_IPAD = NO;
				SUPPORTS_XR_DESIGNED_FOR_IPHONE_IPAD = NO;
				SWIFT_EMIT_LOC_STRINGS = YES;
				SWIFT_VERSION = 5.0;
				TARGETED_DEVICE_FAMILY = 1;
			};
			name = Release;
		};
/* End XCBuildConfiguration section */

/* Begin XCConfigurationList section */
		19099D2D2BECA95B00CE67B9 /* Build configuration list for PBXProject "ios16_Basic" */ = {
			isa = XCConfigurationList;
			buildConfigurations = (
				19099D3E2BECA95C00CE67B9 /* Debug */,
				19099D3F2BECA95C00CE67B9 /* Release */,
			);
			defaultConfigurationIsVisible = 0;
			defaultConfigurationName = Release;
		};
		19099D402BECA95C00CE67B9 /* Build configuration list for PBXNativeTarget "ios16_Basic" */ = {
			isa = XCConfigurationList;
			buildConfigurations = (
				19099D412BECA95C00CE67B9 /* Debug */,
				19099D422BECA95C00CE67B9 /* Release */,
			);
			defaultConfigurationIsVisible = 0;
			defaultConfigurationName = Release;
		};
/* End XCConfigurationList section */
	};
	rootObject = 19099D2A2BECA95B00CE67B9 /* Project object */;
}
